
Microsoft Visual Studio Solution File, Format Version 12.00
# Visual Studio Version 16
VisualStudioVersion = 16.0.32630.194
MinimumVisualStudioVersion = 10.0.40219.1
Project("{FAE04EC0-301F-11D3-BF4B-00C04F79EFBC}") = "Wordle", "Wordle\Wordle.csproj", "{92E1B9FC-02F0-47AB-9605-2E7DFC98122F}"
EndProject
Global
	GlobalSection(SolutionConfigurationPlatforms) = preSolution
		Debug|Any CPU = Debug|Any CPU
		Release|Any CPU = Release|Any CPU
	EndGlobalSection
	GlobalSection(ProjectConfigurationPlatforms) = postSolution
		{92E1B9FC-02F0-47AB-9605-2E7DFC98122F}.Debug|Any CPU.ActiveCfg = Debug|Any CPU
		{92E1B9FC-02F0-47AB-9605-2E7DFC98122F}.Debug|Any CPU.Build.0 = Debug|Any CPU
		{92E1B9FC-02F0-47AB-9605-2E7DFC98122F}.Release|Any CPU.ActiveCfg = Release|Any CPU
		{92E1B9FC-02F0-47AB-9605-2E7DFC98122F}.Release|Any CPU.Build.0 = Release|Any CPU
	EndGlobalSection
	GlobalSection(SolutionProperties) = preSolution
		HideSolutionNode = FALSE
	EndGlobalSection
	GlobalSection(ExtensibilityGlobals) = postSolution
		SolutionGuid = {E269F344-97FB-46C8-AB41-5F8487CAD376}
	EndGlobalSection
EndGlobal
